// !$*UTF8*$!
{
	archiveVersion = 1;
	classes = {
	};
	objectVersion = 56;
	objects = {

/* Begin PBXBuildFile section */
		49299249294CC44300904C17 /* MassachussettsEIAApp.swift in Sources */ = {isa = PBXBuildFile; fileRef = 49299248294CC44300904C17 /* MassachussettsEIAApp.swift */; };
		4929924B294CC44300904C17 /* ContentView.swift in Sources */ = {isa = PBXBuildFile; fileRef = 4929924A294CC44300904C17 /* ContentView.swift */; };
		4929924D294CC44600904C17 /* Assets.xcassets in Resources */ = {isa = PBXBuildFile; fileRef = 4929924C294CC44600904C17 /* Assets.xcassets */; };
		49299250294CC44600904C17 /* Preview Assets.xcassets in Resources */ = {isa = PBXBuildFile; fileRef = 4929924F294CC44600904C17 /* Preview Assets.xcassets */; };
		4929925A294CC44700904C17 /* MassachussettsEIATests.swift in Sources */ = {isa = PBXBuildFile; fileRef = 49299259294CC44700904C17 /* MassachussettsEIATests.swift */; };
		49299264294CC44700904C17 /* MassachussettsEIAUITests.swift in Sources */ = {isa = PBXBuildFile; fileRef = 49299263294CC44700904C17 /* MassachussettsEIAUITests.swift */; };
		49299266294CC44700904C17 /* MassachussettsEIAUITestsLaunchTests.swift in Sources */ = {isa = PBXBuildFile; fileRef = 49299265294CC44700904C17 /* MassachussettsEIAUITestsLaunchTests.swift */; };
/* End PBXBuildFile section */

/* Begin PBXContainerItemProxy section */
		49299256294CC44700904C17 /* PBXContainerItemProxy */ = {
			isa = PBXContainerItemProxy;
			containerPortal = 4929923D294CC44200904C17 /* Project object */;
			proxyType = 1;
			remoteGlobalIDString = 49299244294CC44300904C17;
			remoteInfo = MassachussettsEIA;
		};
		49299260294CC44700904C17 /* PBXContainerItemProxy */ = {
			isa = PBXContainerItemProxy;
			containerPortal = 4929923D294CC44200904C17 /* Project object */;
			proxyType = 1;
			remoteGlobalIDString = 49299244294CC44300904C17;
			remoteInfo = MassachussettsEIA;
		};
/* End PBXContainerItemProxy section */

/* Begin PBXFileReference section */
		49299245294CC44300904C17 /* MassachussettsEIA.app */ = {isa = PBXFileReference; explicitFileType = wrapper.application; includeInIndex = 0; path = MassachussettsEIA.app; sourceTree = BUILT_PRODUCTS_DIR; };
		49299248294CC44300904C17 /* MassachussettsEIAApp.swift */ = {isa = PBXFileReference; lastKnownFileType = sourcecode.swift; path = MassachussettsEIAApp.swift; sourceTree = "<group>"; };
		4929924A294CC44300904C17 /* ContentView.swift */ = {isa = PBXFileReference; lastKnownFileType = sourcecode.swift; path = ContentView.swift; sourceTree = "<group>"; };
		4929924C294CC44600904C17 /* Assets.xcassets */ = {isa = PBXFileReference; lastKnownFileType = folder.assetcatalog; path = Assets.xcassets; sourceTree = "<group>"; };
		4929924F294CC44600904C17 /* Preview Assets.xcassets */ = {isa = PBXFileReference; lastKnownFileType = folder.assetcatalog; path = "Preview Assets.xcassets"; sourceTree = "<group>"; };
		49299255294CC44700904C17 /* MassachussettsEIATests.xctest */ = {isa = PBXFileReference; explicitFileType = wrapper.cfbundle; includeInIndex = 0; path = MassachussettsEIATests.xctest; sourceTree = BUILT_PRODUCTS_DIR; };
		49299259294CC44700904C17 /* MassachussettsEIATests.swift */ = {isa = PBXFileReference; lastKnownFileType = sourcecode.swift; path = MassachussettsEIATests.swift; sourceTree = "<group>"; };
		4929925F294CC44700904C17 /* MassachussettsEIAUITests.xctest */ = {isa = PBXFileReference; explicitFileType = wrapper.cfbundle; includeInIndex = 0; path = MassachussettsEIAUITests.xctest; sourceTree = BUILT_PRODUCTS_DIR; };
		49299263294CC44700904C17 /* MassachussettsEIAUITests.swift */ = {isa = PBXFileReference; lastKnownFileType = sourcecode.swift; path = MassachussettsEIAUITests.swift; sourceTree = "<group>"; };
		49299265294CC44700904C17 /* MassachussettsEIAUITestsLaunchTests.swift */ = {isa = PBXFileReference; lastKnownFileType = sourcecode.swift; path = MassachussettsEIAUITestsLaunchTests.swift; sourceTree = "<group>"; };
/* End PBXFileReference section */

/* Begin PBXFrameworksBuildPhase section */
		49299242294CC44300904C17 /* Frameworks */ = {
			isa = PBXFrameworksBuildPhase;
			buildActionMask = 2147483647;
			files = (
			);
			runOnlyForDeploymentPostprocessing = 0;
		};
		49299252294CC44700904C17 /* Frameworks */ = {
			isa = PBXFrameworksBuildPhase;
			buildActionMask = 2147483647;
			files = (
			);
			runOnlyForDeploymentPostprocessing = 0;
		};
		4929925C294CC44700904C17 /* Frameworks */ = {
			isa = PBXFrameworksBuildPhase;
			buildActionMask = 2147483647;
			files = (
			);
			runOnlyForDeploymentPostprocessing = 0;
		};
/* End PBXFrameworksBuildPhase section */

/* Begin PBXGroup section */
		4929923C294CC44200904C17 = {
			isa = PBXGroup;
			children = (
				49299247294CC44300904C17 /* MassachussettsEIA */,
				49299258294CC44700904C17 /* MassachussettsEIATests */,
				49299262294CC44700904C17 /* MassachussettsEIAUITests */,
				49299246294CC44300904C17 /* Products */,
			);
			sourceTree = "<group>";
		};
		49299246294CC44300904C17 /* Products */ = {
			isa = PBXGroup;
			children = (
				49299245294CC44300904C17 /* MassachussettsEIA.app */,
				49299255294CC44700904C17 /* MassachussettsEIATests.xctest */,
				4929925F294CC44700904C17 /* MassachussettsEIAUITests.xctest */,
			);
			name = Products;
			sourceTree = "<group>";
		};
		49299247294CC44300904C17 /* MassachussettsEIA */ = {
			isa = PBXGroup;
			children = (
				49299248294CC44300904C17 /* MassachussettsEIAApp.swift */,
				4929924A294CC44300904C17 /* ContentView.swift */,
				4929924C294CC44600904C17 /* Assets.xcassets */,
				4929924E294CC44600904C17 /* Preview Content */,
			);
			path = MassachussettsEIA;
			sourceTree = "<group>";
		};
		4929924E294CC44600904C17 /* Preview Content */ = {
			isa = PBXGroup;
			children = (
				4929924F294CC44600904C17 /* Preview Assets.xcassets */,
			);
			path = "Preview Content";
			sourceTree = "<group>";
		};
		49299258294CC44700904C17 /* MassachussettsEIATests */ = {
			isa = PBXGroup;
			children = (
				49299259294CC44700904C17 /* MassachussettsEIATests.swift */,
			);
			path = MassachussettsEIATests;
			sourceTree = "<group>";
		};
		49299262294CC44700904C17 /* MassachussettsEIAUITests */ = {
			isa = PBXGroup;
			children = (
				49299263294CC44700904C17 /* MassachussettsEIAUITests.swift */,
				49299265294CC44700904C17 /* MassachussettsEIAUITestsLaunchTests.swift */,
			);
			path = MassachussettsEIAUITests;
			sourceTree = "<group>";
		};
/* End PBXGroup section */

/* Begin PBXNativeTarget section */
		49299244294CC44300904C17 /* MassachussettsEIA */ = {
			isa = PBXNativeTarget;
			buildConfigurationList = 49299269294CC44700904C17 /* Build configuration list for PBXNativeTarget "MassachussettsEIA" */;
			buildPhases = (
				49299241294CC44300904C17 /* Sources */,
				49299242294CC44300904C17 /* Frameworks */,
				49299243294CC44300904C17 /* Resources */,
			);
			buildRules = (
			);
			dependencies = (
			);
			name = MassachussettsEIA;
			productName = MassachussettsEIA;
			productReference = 49299245294CC44300904C17 /* MassachussettsEIA.app */;
			productType = "com.apple.product-type.application";
		};
		49299254294CC44700904C17 /* MassachussettsEIATests */ = {
			isa = PBXNativeTarget;
			buildConfigurationList = 4929926C294CC44700904C17 /* Build configuration list for PBXNativeTarget "MassachussettsEIATests" */;
			buildPhases = (
				49299251294CC44700904C17 /* Sources */,
				49299252294CC44700904C17 /* Frameworks */,
				49299253294CC44700904C17 /* Resources */,
			);
			buildRules = (
			);
			dependencies = (
				49299257294CC44700904C17 /* PBXTargetDependency */,
			);
			name = MassachussettsEIATests;
			productName = MassachussettsEIATests;
			productReference = 49299255294CC44700904C17 /* MassachussettsEIATests.xctest */;
			productType = "com.apple.product-type.bundle.unit-test";
		};
		4929925E294CC44700904C17 /* MassachussettsEIAUITests */ = {
			isa = PBXNativeTarget;
			buildConfigurationList = 4929926F294CC44700904C17 /* Build configuration list for PBXNativeTarget "MassachussettsEIAUITests" */;
			buildPhases = (
				4929925B294CC44700904C17 /* Sources */,
				4929925C294CC44700904C17 /* Frameworks */,
				4929925D294CC44700904C17 /* Resources */,
			);
			buildRules = (
			);
			dependencies = (
				49299261294CC44700904C17 /* PBXTargetDependency */,
			);
			name = MassachussettsEIAUITests;
			productName = MassachussettsEIAUITests;
			productReference = 4929925F294CC44700904C17 /* MassachussettsEIAUITests.xctest */;
			productType = "com.apple.product-type.bundle.ui-testing";
		};
/* End PBXNativeTarget section */

/* Begin PBXProject section */
		4929923D294CC44200904C17 /* Project object */ = {
			isa = PBXProject;
			attributes = {
				BuildIndependentTargetsInParallel = 1;
				LastSwiftUpdateCheck = 1420;
				LastUpgradeCheck = 1420;
				TargetAttributes = {
					49299244294CC44300904C17 = {
						CreatedOnToolsVersion = 14.2;
					};
					49299254294CC44700904C17 = {
						CreatedOnToolsVersion = 14.2;
						TestTargetID = 49299244294CC44300904C17;
					};
					4929925E294CC44700904C17 = {
						CreatedOnToolsVersion = 14.2;
						TestTargetID = 49299244294CC44300904C17;
					};
				};
			};
			buildConfigurationList = 49299240294CC44200904C17 /* Build configuration list for PBXProject "MassachussettsEIA" */;
			compatibilityVersion = "Xcode 14.0";
			developmentRegion = en;
			hasScannedForEncodings = 0;
			knownRegions = (
				en,
				Base,
			);
			mainGroup = 4929923C294CC44200904C17;
			productRefGroup = 49299246294CC44300904C17 /* Products */;
			projectDirPath = "";
			projectRoot = "";
			targets = (
				49299244294CC44300904C17 /* MassachussettsEIA */,
				49299254294CC44700904C17 /* MassachussettsEIATests */,
				4929925E294CC44700904C17 /* MassachussettsEIAUITests */,
			);
		};
/* End PBXProject section */

/* Begin PBXResourcesBuildPhase section */
		49299243294CC44300904C17 /* Resources */ = {
			isa = PBXResourcesBuildPhase;
			buildActionMask = 2147483647;
			files = (
				49299250294CC44600904C17 /* Preview Assets.xcassets in Resources */,
				4929924D294CC44600904C17 /* Assets.xcassets in Resources */,
			);
			runOnlyForDeploymentPostprocessing = 0;
		};
		49299253294CC44700904C17 /* Resources */ = {
			isa = PBXResourcesBuildPhase;
			buildActionMask = 2147483647;
			files = (
			);
			runOnlyForDeploymentPostprocessing = 0;
		};
		4929925D294CC44700904C17 /* Resources */ = {
			isa = PBXResourcesBuildPhase;
			buildActionMask = 2147483647;
			files = (
			);
			runOnlyForDeploymentPostprocessing = 0;
		};
/* End PBXResourcesBuildPhase section */

/* Begin PBXSourcesBuildPhase section */
		49299241294CC44300904C17 /* Sources */ = {
			isa = PBXSourcesBuildPhase;
			buildActionMask = 2147483647;
			files = (
				4929924B294CC44300904C17 /* ContentView.swift in Sources */,
				49299249294CC44300904C17 /* MassachussettsEIAApp.swift in Sources */,
			);
			runOnlyForDeploymentPostprocessing = 0;
		};
		49299251294CC44700904C17 /* Sources */ = {
			isa = PBXSourcesBuildPhase;
			buildActionMask = 2147483647;
			files = (
				4929925A294CC44700904C17 /* MassachussettsEIATests.swift in Sources */,
			);
			runOnlyForDeploymentPostprocessing = 0;
		};
		4929925B294CC44700904C17 /* Sources */ = {
			isa = PBXSourcesBuildPhase;
			buildActionMask = 2147483647;
			files = (
				49299264294CC44700904C17 /* MassachussettsEIAUITests.swift in Sources */,
				49299266294CC44700904C17 /* MassachussettsEIAUITestsLaunchTests.swift in Sources */,
			);
			runOnlyForDeploymentPostprocessing = 0;
		};
/* End PBXSourcesBuildPhase section */

/* Begin PBXTargetDependency section */
		49299257294CC44700904C17 /* PBXTargetDependency */ = {
			isa = PBXTargetDependency;
			target = 49299244294CC44300904C17 /* MassachussettsEIA */;
			targetProxy = 49299256294CC44700904C17 /* PBXContainerItemProxy */;
		};
		49299261294CC44700904C17 /* PBXTargetDependency */ = {
			isa = PBXTargetDependency;
			target = 49299244294CC44300904C17 /* MassachussettsEIA */;
			targetProxy = 49299260294CC44700904C17 /* PBXContainerItemProxy */;
		};
/* End PBXTargetDependency section */

/* Begin XCBuildConfiguration section */
		49299267294CC44700904C17 /* Debug */ = {
			isa = XCBuildConfiguration;
			buildSettings = {
				ALWAYS_SEARCH_USER_PATHS = NO;
				CLANG_ANALYZER_NONNULL = YES;
				CLANG_ANALYZER_NUMBER_OBJECT_CONVERSION = YES_AGGRESSIVE;
				CLANG_CXX_LANGUAGE_STANDARD = "gnu++20";
				CLANG_ENABLE_MODULES = YES;
				CLANG_ENABLE_OBJC_ARC = YES;
				CLANG_ENABLE_OBJC_WEAK = YES;
				CLANG_WARN_BLOCK_CAPTURE_AUTORELEASING = YES;
				CLANG_WARN_BOOL_CONVERSION = YES;
				CLANG_WARN_COMMA = YES;
				CLANG_WARN_CONSTANT_CONVERSION = YES;
				CLANG_WARN_DEPRECATED_OBJC_IMPLEMENTATIONS = YES;
				CLANG_WARN_DIRECT_OBJC_ISA_USAGE = YES_ERROR;
				CLANG_WARN_DOCUMENTATION_COMMENTS = YES;
				CLANG_WARN_EMPTY_BODY = YES;
				CLANG_WARN_ENUM_CONVERSION = YES;
				CLANG_WARN_INFINITE_RECURSION = YES;
				CLANG_WARN_INT_CONVERSION = YES;
				CLANG_WARN_NON_LITERAL_NULL_CONVERSION = YES;
				CLANG_WARN_OBJC_IMPLICIT_RETAIN_SELF = YES;
				CLANG_WARN_OBJC_LITERAL_CONVERSION = YES;
				CLANG_WARN_OBJC_ROOT_CLASS = YES_ERROR;
				CLANG_WARN_QUOTED_INCLUDE_IN_FRAMEWORK_HEADER = YES;
				CLANG_WARN_RANGE_LOOP_ANALYSIS = YES;
				CLANG_WARN_STRICT_PROTOTYPES = YES;
				CLANG_WARN_SUSPICIOUS_MOVE = YES;
				CLANG_WARN_UNGUARDED_AVAILABILITY = YES_AGGRESSIVE;
				CLANG_WARN_UNREACHABLE_CODE = YES;
				CLANG_WARN__DUPLICATE_METHOD_MATCH = YES;
				COPY_PHASE_STRIP = NO;
				DEBUG_INFORMATION_FORMAT = dwarf;
				ENABLE_STRICT_OBJC_MSGSEND = YES;
				ENABLE_TESTABILITY = YES;
				GCC_C_LANGUAGE_STANDARD = gnu11;
				GCC_DYNAMIC_NO_PIC = NO;
				GCC_NO_COMMON_BLOCKS = YES;
				GCC_OPTIMIZATION_LEVEL = 0;
				GCC_PREPROCESSOR_DEFINITIONS = (
					"DEBUG=1",
					"$(inherited)",
				);
				GCC_WARN_64_TO_32_BIT_CONVERSION = YES;
				GCC_WARN_ABOUT_RETURN_TYPE = YES_ERROR;
				GCC_WARN_UNDECLARED_SELECTOR = YES;
				GCC_WARN_UNINITIALIZED_AUTOS = YES_AGGRESSIVE;
				GCC_WARN_UNUSED_FUNCTION = YES;
				GCC_WARN_UNUSED_VARIABLE = YES;
				IPHONEOS_DEPLOYMENT_TARGET = 16.2;
				MTL_ENABLE_DEBUG_INFO = INCLUDE_SOURCE;
				MTL_FAST_MATH = YES;
				ONLY_ACTIVE_ARCH = YES;
				SDKROOT = iphoneos;
				SWIFT_ACTIVE_COMPILATION_CONDITIONS = DEBUG;
				SWIFT_OPTIMIZATION_LEVEL = "-Onone";
			};
			name = Debug;
		};
		49299268294CC44700904C17 /* Release */ = {
			isa = XCBuildConfiguration;
			buildSettings = {
				ALWAYS_SEARCH_USER_PATHS = NO;
				CLANG_ANALYZER_NONNULL = YES;
				CLANG_ANALYZER_NUMBER_OBJECT_CONVERSION = YES_AGGRESSIVE;
				CLANG_CXX_LANGUAGE_STANDARD = "gnu++20";
				CLANG_ENABLE_MODULES = YES;
				CLANG_ENABLE_OBJC_ARC = YES;
				CLANG_ENABLE_OBJC_WEAK = YES;
				CLANG_WARN_BLOCK_CAPTURE_AUTORELEASING = YES;
				CLANG_WARN_BOOL_CONVERSION = YES;
				CLANG_WARN_COMMA = YES;
				CLANG_WARN_CONSTANT_CONVERSION = YES;
				CLANG_WARN_DEPRECATED_OBJC_IMPLEMENTATIONS = YES;
				CLANG_WARN_DIRECT_OBJC_ISA_USAGE = YES_ERROR;
				CLANG_WARN_DOCUMENTATION_COMMENTS = YES;
				CLANG_WARN_EMPTY_BODY = YES;
				CLANG_WARN_ENUM_CONVERSION = YES;
				CLANG_WARN_INFINITE_RECURSION = YES;
				CLANG_WARN_INT_CONVERSION = YES;
				CLANG_WARN_NON_LITERAL_NULL_CONVERSION = YES;
				CLANG_WARN_OBJC_IMPLICIT_RETAIN_SELF = YES;
				CLANG_WARN_OBJC_LITERAL_CONVERSION = YES;
				CLANG_WARN_OBJC_ROOT_CLASS = YES_ERROR;
				CLANG_WARN_QUOTED_INCLUDE_IN_FRAMEWORK_HEADER = YES;
				CLANG_WARN_RANGE_LOOP_ANALYSIS = YES;
				CLANG_WARN_STRICT_PROTOTYPES = YES;
				CLANG_WARN_SUSPICIOUS_MOVE = YES;
				CLANG_WARN_UNGUARDED_AVAILABILITY = YES_AGGRESSIVE;
				CLANG_WARN_UNREACHABLE_CODE = YES;
				CLANG_WARN__DUPLICATE_METHOD_MATCH = YES;
				COPY_PHASE_STRIP = NO;
				DEBUG_INFORMATION_FORMAT = "dwarf-with-dsym";
				ENABLE_NS_ASSERTIONS = NO;
				ENABLE_STRICT_OBJC_MSGSEND = YES;
				GCC_C_LANGUAGE_STANDARD = gnu11;
				GCC_NO_COMMON_BLOCKS = YES;
				GCC_WARN_64_TO_32_BIT_CONVERSION = YES;
				GCC_WARN_ABOUT_RETURN_TYPE = YES_ERROR;
				GCC_WARN_UNDECLARED_SELECTOR = YES;
				GCC_WARN_UNINITIALIZED_AUTOS = YES_AGGRESSIVE;
				GCC_WARN_UNUSED_FUNCTION = YES;
				GCC_WARN_UNUSED_VARIABLE = YES;
				IPHONEOS_DEPLOYMENT_TARGET = 16.2;
				MTL_ENABLE_DEBUG_INFO = NO;
				MTL_FAST_MATH = YES;
				SDKROOT = iphoneos;
				SWIFT_COMPILATION_MODE = wholemodule;
				SWIFT_OPTIMIZATION_LEVEL = "-O";
				VALIDATE_PRODUCT = YES;
			};
			name = Release;
		};
		4929926A294CC44700904C17 /* Debug */ = {
			isa = XCBuildConfiguration;
			buildSettings = {
				ASSETCATALOG_COMPILER_APPICON_NAME = AppIcon;
				ASSETCATALOG_COMPILER_GLOBAL_ACCENT_COLOR_NAME = AccentColor;
				CODE_SIGN_STYLE = Automatic;
				CURRENT_PROJECT_VERSION = 1;
				DEVELOPMENT_ASSET_PATHS = "\"MassachussettsEIA/Preview Content\"";
				DEVELOPMENT_TEAM = DR869849C7;
				ENABLE_PREVIEWS = YES;
				GENERATE_INFOPLIST_FILE = YES;
				INFOPLIST_KEY_UIApplicationSceneManifest_Generation = YES;
				INFOPLIST_KEY_UIApplicationSupportsIndirectInputEvents = YES;
				INFOPLIST_KEY_UILaunchScreen_Generation = YES;
				INFOPLIST_KEY_UISupportedInterfaceOrientations_iPad = "UIInterfaceOrientationPortrait UIInterfaceOrientationPortraitUpsideDown UIInterfaceOrientationLandscapeLeft UIInterfaceOrientationLandscapeRight";
				INFOPLIST_KEY_UISupportedInterfaceOrientations_iPhone = "UIInterfaceOrientationPortrait UIInterfaceOrientationLandscapeLeft UIInterfaceOrientationLandscapeRight";
				LD_RUNPATH_SEARCH_PATHS = (
					"$(inherited)",
					"@executable_path/Frameworks",
				);
				MARKETING_VERSION = 1.0;
				PRODUCT_BUNDLE_IDENTIFIER = com.project.final.MassachussettsEIA;
				PRODUCT_NAME = "$(TARGET_NAME)";
				SWIFT_EMIT_LOC_STRINGS = YES;
				SWIFT_VERSION = 5.0;
				TARGETED_DEVICE_FAMILY = "1,2";
			};
			name = Debug;
		};
		4929926B294CC44700904C17 /* Release */ = {
			isa = XCBuildConfiguration;
			buildSettings = {
				ASSETCATALOG_COMPILER_APPICON_NAME = AppIcon;
				ASSETCATALOG_COMPILER_GLOBAL_ACCENT_COLOR_NAME = AccentColor;
				CODE_SIGN_STYLE = Automatic;
				CURRENT_PROJECT_VERSION = 1;
				DEVELOPMENT_ASSET_PATHS = "\"MassachussettsEIA/Preview Content\"";
				DEVELOPMENT_TEAM = DR869849C7;
				ENABLE_PREVIEWS = YES;
				GENERATE_INFOPLIST_FILE = YES;
				INFOPLIST_KEY_UIApplicationSceneManifest_Generation = YES;
				INFOPLIST_KEY_UIApplicationSupportsIndirectInputEvents = YES;
				INFOPLIST_KEY_UILaunchScreen_Generation = YES;
				INFOPLIST_KEY_UISupportedInterfaceOrientations_iPad = "UIInterfaceOrientationPortrait UIInterfaceOrientationPortraitUpsideDown UIInterfaceOrientationLandscapeLeft UIInterfaceOrientationLandscapeRight";
				INFOPLIST_KEY_UISupportedInterfaceOrientations_iPhone = "UIInterfaceOrientationPortrait UIInterfaceOrientationLandscapeLeft UIInterfaceOrientationLandscapeRight";
				LD_RUNPATH_SEARCH_PATHS = (
					"$(inherited)",
					"@executable_path/Frameworks",
				);
				MARKETING_VERSION = 1.0;
				PRODUCT_BUNDLE_IDENTIFIER = com.project.final.MassachussettsEIA;
				PRODUCT_NAME = "$(TARGET_NAME)";
				SWIFT_EMIT_LOC_STRINGS = YES;
				SWIFT_VERSION = 5.0;
				TARGETED_DEVICE_FAMILY = "1,2";
			};
			name = Release;
		};
		4929926D294CC44700904C17 /* Debug */ = {
			isa = XCBuildConfiguration;
			buildSettings = {
				ALWAYS_EMBED_SWIFT_STANDARD_LIBRARIES = YES;
				BUNDLE_LOADER = "$(TEST_HOST)";
				CODE_SIGN_STYLE = Automatic;
				CURRENT_PROJECT_VERSION = 1;
				DEVELOPMENT_TEAM = DR869849C7;
				GENERATE_INFOPLIST_FILE = YES;
				IPHONEOS_DEPLOYMENT_TARGET = 16.2;
				MARKETING_VERSION = 1.0;
				PRODUCT_BUNDLE_IDENTIFIER = com.project.final.MassachussettsEIATests;
				PRODUCT_NAME = "$(TARGET_NAME)";
				SWIFT_EMIT_LOC_STRINGS = NO;
				SWIFT_VERSION = 5.0;
				TARGETED_DEVICE_FAMILY = "1,2";
				TEST_HOST = "$(BUILT_PRODUCTS_DIR)/MassachussettsEIA.app/$(BUNDLE_EXECUTABLE_FOLDER_PATH)/MassachussettsEIA";
			};
			name = Debug;
		};
		4929926E294CC44700904C17 /* Release */ = {
			isa = XCBuildConfiguration;
			buildSettings = {
				ALWAYS_EMBED_SWIFT_STANDARD_LIBRARIES = YES;
				BUNDLE_LOADER = "$(TEST_HOST)";
				CODE_SIGN_STYLE = Automatic;
				CURRENT_PROJECT_VERSION = 1;
				DEVELOPMENT_TEAM = DR869849C7;
				GENERATE_INFOPLIST_FILE = YES;
				IPHONEOS_DEPLOYMENT_TARGET = 16.2;
				MARKETING_VERSION = 1.0;
				PRODUCT_BUNDLE_IDENTIFIER = com.project.final.MassachussettsEIATests;
				PRODUCT_NAME = "$(TARGET_NAME)";
				SWIFT_EMIT_LOC_STRINGS = NO;
				SWIFT_VERSION = 5.0;
				TARGETED_DEVICE_FAMILY = "1,2";
				TEST_HOST = "$(BUILT_PRODUCTS_DIR)/MassachussettsEIA.app/$(BUNDLE_EXECUTABLE_FOLDER_PATH)/MassachussettsEIA";
			};
			name = Release;
		};
		49299270294CC44700904C17 /* Debug */ = {
			isa = XCBuildConfiguration;
			buildSettings = {
				ALWAYS_EMBED_SWIFT_STANDARD_LIBRARIES = YES;
				CODE_SIGN_STYLE = Automatic;
				CURRENT_PROJECT_VERSION = 1;
				DEVELOPMENT_TEAM = DR869849C7;
				GENERATE_INFOPLIST_FILE = YES;
				MARKETING_VERSION = 1.0;
				PRODUCT_BUNDLE_IDENTIFIER = com.project.final.MassachussettsEIAUITests;
				PRODUCT_NAME = "$(TARGET_NAME)";
				SWIFT_EMIT_LOC_STRINGS = NO;
				SWIFT_VERSION = 5.0;
				TARGETED_DEVICE_FAMILY = "1,2";
				TEST_TARGET_NAME = MassachussettsEIA;
			};
			name = Debug;
		};
		49299271294CC44700904C17 /* Release */ = {
			isa = XCBuildConfiguration;
			buildSettings = {
				ALWAYS_EMBED_SWIFT_STANDARD_LIBRARIES = YES;
				CODE_SIGN_STYLE = Automatic;
				CURRENT_PROJECT_VERSION = 1;
				DEVELOPMENT_TEAM = DR869849C7;
				GENERATE_INFOPLIST_FILE = YES;
				MARKETING_VERSION = 1.0;
				PRODUCT_BUNDLE_IDENTIFIER = com.project.final.MassachussettsEIAUITests;
				PRODUCT_NAME = "$(TARGET_NAME)";
				SWIFT_EMIT_LOC_STRINGS = NO;
				SWIFT_VERSION = 5.0;
				TARGETED_DEVICE_FAMILY = "1,2";
				TEST_TARGET_NAME = MassachussettsEIA;
			};
			name = Release;
		};
/* End XCBuildConfiguration section */

/* Begin XCConfigurationList section */
		49299240294CC44200904C17 /* Build configuration list for PBXProject "MassachussettsEIA" */ = {
			isa = XCConfigurationList;
			buildConfigurations = (
				49299267294CC44700904C17 /* Debug */,
				49299268294CC44700904C17 /* Release */,
			);
			defaultConfigurationIsVisible = 0;
			defaultConfigurationName = Release;
		};
		49299269294CC44700904C17 /* Build configuration list for PBXNativeTarget "MassachussettsEIA" */ = {
			isa = XCConfigurationList;
			buildConfigurations = (
				4929926A294CC44700904C17 /* Debug */,
				4929926B294CC44700904C17 /* Release */,
			);
			defaultConfigurationIsVisible = 0;
			defaultConfigurationName = Release;
		};
		4929926C294CC44700904C17 /* Build configuration list for PBXNativeTarget "MassachussettsEIATests" */ = {
			isa = XCConfigurationList;
			buildConfigurations = (
				4929926D294CC44700904C17 /* Debug */,
				4929926E294CC44700904C17 /* Release */,
			);
			defaultConfigurationIsVisible = 0;
			defaultConfigurationName = Release;
		};
		4929926F294CC44700904C17 /* Build configuration list for PBXNativeTarget "MassachussettsEIAUITests" */ = {
			isa = XCConfigurationList;
			buildConfigurations = (
				49299270294CC44700904C17 /* Debug */,
				49299271294CC44700904C17 /* Release */,
			);
			defaultConfigurationIsVisible = 0;
			defaultConfigurationName = Release;
		};
/* End XCConfigurationList section */
	};
	rootObject = 4929923D294CC44200904C17 /* Project object */;
}
